
Microsoft Visual Studio Solution File, Format Version 12.00
# Visual Studio Version 17
VisualStudioVersion = 17.0.31903.59
MinimumVisualStudioVersion = 10.0.40219.1
Project("{2150E333-8FDC-42A3-9474-1A3956D46DE8}") = "Shared", "Shared", "{7B561D7D-D7AA-4B14-BAE9-D98CB6C35619}"
EndProject
Project("{FAE04EC0-301F-11D3-BF4B-00C04F79EFBC}") = "HidBridge.Contracts", "Shared\HidBridge.Contracts\HidBridge.Contracts.csproj", "{73B73458-8AE9-498A-9EAC-81D14AE28423}"
EndProject
Project("{FAE04EC0-301F-11D3-BF4B-00C04F79EFBC}") = "HidBridge.Abstractions", "Shared\HidBridge.Abstractions\HidBridge.Abstractions.csproj", "{7E98C468-94FB-4093-9202-D9C69EDBC418}"
EndProject
Project("{2150E333-8FDC-42A3-9474-1A3956D46DE8}") = "Core", "Core", "{1D5A49BB-98A3-4145-BD63-FF5858433969}"
EndProject
Project("{FAE04EC0-301F-11D3-BF4B-00C04F79EFBC}") = "HidBridge.Domain", "Core\HidBridge.Domain\HidBridge.Domain.csproj", "{16363A0B-DCFF-4B06-935F-78E36E24C82D}"
EndProject
Project("{FAE04EC0-301F-11D3-BF4B-00C04F79EFBC}") = "HidBridge.Application", "Core\HidBridge.Application\HidBridge.Application.csproj", "{A731EE07-C38E-4DBF-8319-F9067B019E42}"
EndProject
Project("{2150E333-8FDC-42A3-9474-1A3956D46DE8}") = "Platform", "Platform", "{FF3C4744-8680-47B4-BCF0-DEC1A0E753DF}"
EndProject
Project("{FAE04EC0-301F-11D3-BF4B-00C04F79EFBC}") = "HidBridge.SessionOrchestrator", "Platform\HidBridge.SessionOrchestrator\HidBridge.SessionOrchestrator.csproj", "{083BA79A-7C4B-4391-A0EA-17E458B66F63}"
EndProject
Project("{FAE04EC0-301F-11D3-BF4B-00C04F79EFBC}") = "HidBridge.ConnectorHost", "Platform\HidBridge.ConnectorHost\HidBridge.ConnectorHost.csproj", "{51442375-610F-4DB2-BF74-FE56DD7D25CA}"
EndProject
Project("{2150E333-8FDC-42A3-9474-1A3956D46DE8}") = "Connectors", "Connectors", "{0D613D5E-8C0D-4204-A9D5-FAFBB17DE85F}"
EndProject
Project("{FAE04EC0-301F-11D3-BF4B-00C04F79EFBC}") = "HidBridge.Connectors.HidBridgeUart", "Connectors\HidBridge.Connectors.HidBridgeUart\HidBridge.Connectors.HidBridgeUart.csproj", "{6F52FDCC-3779-4A08-B2BB-EFD7C02D23B8}"
EndProject
Project("{FAE04EC0-301F-11D3-BF4B-00C04F79EFBC}") = "HidBridge.ControlPlane.Api", "Platform\HidBridge.ControlPlane.Api\HidBridge.ControlPlane.Api.csproj", "{B4AB4954-E49B-462F-BA61-BDA9CCC2C5F2}"
EndProject
Project("{FAE04EC0-301F-11D3-BF4B-00C04F79EFBC}") = "HidBridge.Hid", "Shared\HidBridge.Hid\HidBridge.Hid.csproj", "{B90D4028-F64E-40B8-8D9E-5A4991A8ADF9}"
EndProject
Project("{FAE04EC0-301F-11D3-BF4B-00C04F79EFBC}") = "HidBridge.Transport.Uart", "Shared\HidBridge.Transport.Uart\HidBridge.Transport.Uart.csproj", "{B32F3248-30EF-4269-8BC5-0C1CFD96ABC4}"
EndProject
Project("{2150E333-8FDC-42A3-9474-1A3956D46DE8}") = "Tests", "Tests", "{0AB3BF05-4346-4AA6-1389-037BE0695223}"
EndProject
Project("{FAE04EC0-301F-11D3-BF4B-00C04F79EFBC}") = "HidBridge.Platform.Tests", "Tests\HidBridge.Platform.Tests\HidBridge.Platform.Tests.csproj", "{2E79DD8B-ABF3-4395-BBA9-D9F9F634C756}"
EndProject
Project("{FAE04EC0-301F-11D3-BF4B-00C04F79EFBC}") = "HidBridge.Persistence", "Platform\HidBridge.Persistence\HidBridge.Persistence.csproj", "{BAF5FE79-FB64-4B9E-AB6A-4B523CFFF33F}"
EndProject
Project("{FAE04EC0-301F-11D3-BF4B-00C04F79EFBC}") = "HidBridge.Persistence.Sql", "Platform\HidBridge.Persistence.Sql\HidBridge.Persistence.Sql.csproj", "{824EA7EA-07A7-4020-B3B7-DA61B114A128}"
EndProject
Project("{FAE04EC0-301F-11D3-BF4B-00C04F79EFBC}") = "HidBridge.Persistence.Sql.Migrations", "Platform\HidBridge.Persistence.Sql.Migrations\HidBridge.Persistence.Sql.Migrations.csproj", "{00D1EA49-EB85-4EC0-8F92-62D47873CFBA}"
EndProject
Project("{2150E333-8FDC-42A3-9474-1A3956D46DE8}") = "Clients", "Clients", "{9123F88B-E531-3118-42D7-ED8CEF4BD00E}"
EndProject
Project("{FAE04EC0-301F-11D3-BF4B-00C04F79EFBC}") = "HidBridge.ControlPlane.Web", "Clients\HidBridge.ControlPlane.Web\HidBridge.ControlPlane.Web.csproj", "{0B9B1BF0-6B22-43EC-9193-6B0B6CB1FB07}"
EndProject
Project("{2150E333-8FDC-42A3-9474-1A3956D46DE8}") = "Edge", "Edge", "{4781A426-7CEC-ABE6-97DC-1340C8DA5A5F}"
EndProject
Project("{FAE04EC0-301F-11D3-BF4B-00C04F79EFBC}") = "HidBridge.EdgeProxy.Agent", "Edge\HidBridge.EdgeProxy.Agent\HidBridge.EdgeProxy.Agent.csproj", "{BA81CB59-0590-470F-8306-47F11D525BA5}"
EndProject
Project("{FAE04EC0-301F-11D3-BF4B-00C04F79EFBC}") = "HidBridge.Edge.Abstractions", "Edge\HidBridge.Edge.Abstractions\HidBridge.Edge.Abstractions.csproj", "{5A3B9C52-A805-47A5-997D-D091D0984476}"
EndProject
Project("{FAE04EC0-301F-11D3-BF4B-00C04F79EFBC}") = "HidBridge.Edge.HidBridgeProtocol", "Edge\HidBridge.Edge.HidBridgeProtocol\HidBridge.Edge.HidBridgeProtocol.csproj", "{04A739CD-92BD-4087-BE10-E08BD043E0D6}"
EndProject
Project("{2150E333-8FDC-42A3-9474-1A3956D46DE8}") = "Tools", "Tools", "{07C2787E-EAC7-C090-1BA3-A61EC2A24D84}"
EndProject
Project("{FAE04EC0-301F-11D3-BF4B-00C04F79EFBC}") = "HidBridge.Acceptance.Runner", "Tools\HidBridge.Acceptance.Runner\HidBridge.Acceptance.Runner.csproj", "{B5777A79-1843-465D-97BA-994D20122018}"
EndProject
Global
	GlobalSection(SolutionConfigurationPlatforms) = preSolution
		Debug|Any CPU = Debug|Any CPU
		Debug|x64 = Debug|x64
		Debug|x86 = Debug|x86
		Release|Any CPU = Release|Any CPU
		Release|x64 = Release|x64
		Release|x86 = Release|x86
	EndGlobalSection
	GlobalSection(ProjectConfigurationPlatforms) = postSolution
		{73B73458-8AE9-498A-9EAC-81D14AE28423}.Debug|Any CPU.ActiveCfg = Debug|Any CPU
		{73B73458-8AE9-498A-9EAC-81D14AE28423}.Debug|Any CPU.Build.0 = Debug|Any CPU
		{73B73458-8AE9-498A-9EAC-81D14AE28423}.Debug|x64.ActiveCfg = Debug|Any CPU
		{73B73458-8AE9-498A-9EAC-81D14AE28423}.Debug|x64.Build.0 = Debug|Any CPU
		{73B73458-8AE9-498A-9EAC-81D14AE28423}.Debug|x86.ActiveCfg = Debug|Any CPU
		{73B73458-8AE9-498A-9EAC-81D14AE28423}.Debug|x86.Build.0 = Debug|Any CPU
		{73B73458-8AE9-498A-9EAC-81D14AE28423}.Release|Any CPU.ActiveCfg = Release|Any CPU
		{73B73458-8AE9-498A-9EAC-81D14AE28423}.Release|Any CPU.Build.0 = Release|Any CPU
		{73B73458-8AE9-498A-9EAC-81D14AE28423}.Release|x64.ActiveCfg = Release|Any CPU
		{73B73458-8AE9-498A-9EAC-81D14AE28423}.Release|x64.Build.0 = Release|Any CPU
		{73B73458-8AE9-498A-9EAC-81D14AE28423}.Release|x86.ActiveCfg = Release|Any CPU
		{73B73458-8AE9-498A-9EAC-81D14AE28423}.Release|x86.Build.0 = Release|Any CPU
		{7E98C468-94FB-4093-9202-D9C69EDBC418}.Debug|Any CPU.ActiveCfg = Debug|Any CPU
		{7E98C468-94FB-4093-9202-D9C69EDBC418}.Debug|Any CPU.Build.0 = Debug|Any CPU
		{7E98C468-94FB-4093-9202-D9C69EDBC418}.Debug|x64.ActiveCfg = Debug|Any CPU
		{7E98C468-94FB-4093-9202-D9C69EDBC418}.Debug|x64.Build.0 = Debug|Any CPU
		{7E98C468-94FB-4093-9202-D9C69EDBC418}.Debug|x86.ActiveCfg = Debug|Any CPU
		{7E98C468-94FB-4093-9202-D9C69EDBC418}.Debug|x86.Build.0 = Debug|Any CPU
		{7E98C468-94FB-4093-9202-D9C69EDBC418}.Release|Any CPU.ActiveCfg = Release|Any CPU
		{7E98C468-94FB-4093-9202-D9C69EDBC418}.Release|Any CPU.Build.0 = Release|Any CPU
		{7E98C468-94FB-4093-9202-D9C69EDBC418}.Release|x64.ActiveCfg = Release|Any CPU
		{7E98C468-94FB-4093-9202-D9C69EDBC418}.Release|x64.Build.0 = Release|Any CPU
		{7E98C468-94FB-4093-9202-D9C69EDBC418}.Release|x86.ActiveCfg = Release|Any CPU
		{7E98C468-94FB-4093-9202-D9C69EDBC418}.Release|x86.Build.0 = Release|Any CPU
		{16363A0B-DCFF-4B06-935F-78E36E24C82D}.Debug|Any CPU.ActiveCfg = Debug|Any CPU
		{16363A0B-DCFF-4B06-935F-78E36E24C82D}.Debug|Any CPU.Build.0 = Debug|Any CPU
		{16363A0B-DCFF-4B06-935F-78E36E24C82D}.Debug|x64.ActiveCfg = Debug|Any CPU
		{16363A0B-DCFF-4B06-935F-78E36E24C82D}.Debug|x64.Build.0 = Debug|Any CPU
		{16363A0B-DCFF-4B06-935F-78E36E24C82D}.Debug|x86.ActiveCfg = Debug|Any CPU
		{16363A0B-DCFF-4B06-935F-78E36E24C82D}.Debug|x86.Build.0 = Debug|Any CPU
		{16363A0B-DCFF-4B06-935F-78E36E24C82D}.Release|Any CPU.ActiveCfg = Release|Any CPU
		{16363A0B-DCFF-4B06-935F-78E36E24C82D}.Release|Any CPU.Build.0 = Release|Any CPU
		{16363A0B-DCFF-4B06-935F-78E36E24C82D}.Release|x64.ActiveCfg = Release|Any CPU
		{16363A0B-DCFF-4B06-935F-78E36E24C82D}.Release|x64.Build.0 = Release|Any CPU
		{16363A0B-DCFF-4B06-935F-78E36E24C82D}.Release|x86.ActiveCfg = Release|Any CPU
		{16363A0B-DCFF-4B06-935F-78E36E24C82D}.Release|x86.Build.0 = Release|Any CPU
		{A731EE07-C38E-4DBF-8319-F9067B019E42}.Debug|Any CPU.ActiveCfg = Debug|Any CPU
		{A731EE07-C38E-4DBF-8319-F9067B019E42}.Debug|Any CPU.Build.0 = Debug|Any CPU
		{A731EE07-C38E-4DBF-8319-F9067B019E42}.Debug|x64.ActiveCfg = Debug|Any CPU
		{A731EE07-C38E-4DBF-8319-F9067B019E42}.Debug|x64.Build.0 = Debug|Any CPU
		{A731EE07-C38E-4DBF-8319-F9067B019E42}.Debug|x86.ActiveCfg = Debug|Any CPU
		{A731EE07-C38E-4DBF-8319-F9067B019E42}.Debug|x86.Build.0 = Debug|Any CPU
		{A731EE07-C38E-4DBF-8319-F9067B019E42}.Release|Any CPU.ActiveCfg = Release|Any CPU
		{A731EE07-C38E-4DBF-8319-F9067B019E42}.Release|Any CPU.Build.0 = Release|Any CPU
		{A731EE07-C38E-4DBF-8319-F9067B019E42}.Release|x64.ActiveCfg = Release|Any CPU
		{A731EE07-C38E-4DBF-8319-F9067B019E42}.Release|x64.Build.0 = Release|Any CPU
		{A731EE07-C38E-4DBF-8319-F9067B019E42}.Release|x86.ActiveCfg = Release|Any CPU
		{A731EE07-C38E-4DBF-8319-F9067B019E42}.Release|x86.Build.0 = Release|Any CPU
		{083BA79A-7C4B-4391-A0EA-17E458B66F63}.Debug|Any CPU.ActiveCfg = Debug|Any CPU
		{083BA79A-7C4B-4391-A0EA-17E458B66F63}.Debug|Any CPU.Build.0 = Debug|Any CPU
		{083BA79A-7C4B-4391-A0EA-17E458B66F63}.Debug|x64.ActiveCfg = Debug|Any CPU
		{083BA79A-7C4B-4391-A0EA-17E458B66F63}.Debug|x64.Build.0 = Debug|Any CPU
		{083BA79A-7C4B-4391-A0EA-17E458B66F63}.Debug|x86.ActiveCfg = Debug|Any CPU
		{083BA79A-7C4B-4391-A0EA-17E458B66F63}.Debug|x86.Build.0 = Debug|Any CPU
		{083BA79A-7C4B-4391-A0EA-17E458B66F63}.Release|Any CPU.ActiveCfg = Release|Any CPU
		{083BA79A-7C4B-4391-A0EA-17E458B66F63}.Release|Any CPU.Build.0 = Release|Any CPU
		{083BA79A-7C4B-4391-A0EA-17E458B66F63}.Release|x64.ActiveCfg = Release|Any CPU
		{083BA79A-7C4B-4391-A0EA-17E458B66F63}.Release|x64.Build.0 = Release|Any CPU
		{083BA79A-7C4B-4391-A0EA-17E458B66F63}.Release|x86.ActiveCfg = Release|Any CPU
		{083BA79A-7C4B-4391-A0EA-17E458B66F63}.Release|x86.Build.0 = Release|Any CPU
		{51442375-610F-4DB2-BF74-FE56DD7D25CA}.Debug|Any CPU.ActiveCfg = Debug|Any CPU
		{51442375-610F-4DB2-BF74-FE56DD7D25CA}.Debug|Any CPU.Build.0 = Debug|Any CPU
		{51442375-610F-4DB2-BF74-FE56DD7D25CA}.Debug|x64.ActiveCfg = Debug|Any CPU
		{51442375-610F-4DB2-BF74-FE56DD7D25CA}.Debug|x64.Build.0 = Debug|Any CPU
		{51442375-610F-4DB2-BF74-FE56DD7D25CA}.Debug|x86.ActiveCfg = Debug|Any CPU
		{51442375-610F-4DB2-BF74-FE56DD7D25CA}.Debug|x86.Build.0 = Debug|Any CPU
		{51442375-610F-4DB2-BF74-FE56DD7D25CA}.Release|Any CPU.ActiveCfg = Release|Any CPU
		{51442375-610F-4DB2-BF74-FE56DD7D25CA}.Release|Any CPU.Build.0 = Release|Any CPU
		{51442375-610F-4DB2-BF74-FE56DD7D25CA}.Release|x64.ActiveCfg = Release|Any CPU
		{51442375-610F-4DB2-BF74-FE56DD7D25CA}.Release|x64.Build.0 = Release|Any CPU
		{51442375-610F-4DB2-BF74-FE56DD7D25CA}.Release|x86.ActiveCfg = Release|Any CPU
		{51442375-610F-4DB2-BF74-FE56DD7D25CA}.Release|x86.Build.0 = Release|Any CPU
		{6F52FDCC-3779-4A08-B2BB-EFD7C02D23B8}.Debug|Any CPU.ActiveCfg = Debug|Any CPU
		{6F52FDCC-3779-4A08-B2BB-EFD7C02D23B8}.Debug|Any CPU.Build.0 = Debug|Any CPU
		{6F52FDCC-3779-4A08-B2BB-EFD7C02D23B8}.Debug|x64.ActiveCfg = Debug|Any CPU
		{6F52FDCC-3779-4A08-B2BB-EFD7C02D23B8}.Debug|x64.Build.0 = Debug|Any CPU
		{6F52FDCC-3779-4A08-B2BB-EFD7C02D23B8}.Debug|x86.ActiveCfg = Debug|Any CPU
		{6F52FDCC-3779-4A08-B2BB-EFD7C02D23B8}.Debug|x86.Build.0 = Debug|Any CPU
		{6F52FDCC-3779-4A08-B2BB-EFD7C02D23B8}.Release|Any CPU.ActiveCfg = Release|Any CPU
		{6F52FDCC-3779-4A08-B2BB-EFD7C02D23B8}.Release|Any CPU.Build.0 = Release|Any CPU
		{6F52FDCC-3779-4A08-B2BB-EFD7C02D23B8}.Release|x64.ActiveCfg = Release|Any CPU
		{6F52FDCC-3779-4A08-B2BB-EFD7C02D23B8}.Release|x64.Build.0 = Release|Any CPU
		{6F52FDCC-3779-4A08-B2BB-EFD7C02D23B8}.Release|x86.ActiveCfg = Release|Any CPU
		{6F52FDCC-3779-4A08-B2BB-EFD7C02D23B8}.Release|x86.Build.0 = Release|Any CPU
		{B4AB4954-E49B-462F-BA61-BDA9CCC2C5F2}.Debug|Any CPU.ActiveCfg = Debug|Any CPU
		{B4AB4954-E49B-462F-BA61-BDA9CCC2C5F2}.Debug|Any CPU.Build.0 = Debug|Any CPU
		{B4AB4954-E49B-462F-BA61-BDA9CCC2C5F2}.Debug|x64.ActiveCfg = Debug|Any CPU
		{B4AB4954-E49B-462F-BA61-BDA9CCC2C5F2}.Debug|x64.Build.0 = Debug|Any CPU
		{B4AB4954-E49B-462F-BA61-BDA9CCC2C5F2}.Debug|x86.ActiveCfg = Debug|Any CPU
		{B4AB4954-E49B-462F-BA61-BDA9CCC2C5F2}.Debug|x86.Build.0 = Debug|Any CPU
		{B4AB4954-E49B-462F-BA61-BDA9CCC2C5F2}.Release|Any CPU.ActiveCfg = Release|Any CPU
		{B4AB4954-E49B-462F-BA61-BDA9CCC2C5F2}.Release|Any CPU.Build.0 = Release|Any CPU
		{B4AB4954-E49B-462F-BA61-BDA9CCC2C5F2}.Release|x64.ActiveCfg = Release|Any CPU
		{B4AB4954-E49B-462F-BA61-BDA9CCC2C5F2}.Release|x64.Build.0 = Release|Any CPU
		{B4AB4954-E49B-462F-BA61-BDA9CCC2C5F2}.Release|x86.ActiveCfg = Release|Any CPU
		{B4AB4954-E49B-462F-BA61-BDA9CCC2C5F2}.Release|x86.Build.0 = Release|Any CPU
		{B90D4028-F64E-40B8-8D9E-5A4991A8ADF9}.Debug|Any CPU.ActiveCfg = Debug|Any CPU
		{B90D4028-F64E-40B8-8D9E-5A4991A8ADF9}.Debug|Any CPU.Build.0 = Debug|Any CPU
		{B90D4028-F64E-40B8-8D9E-5A4991A8ADF9}.Debug|x64.ActiveCfg = Debug|Any CPU
		{B90D4028-F64E-40B8-8D9E-5A4991A8ADF9}.Debug|x64.Build.0 = Debug|Any CPU
		{B90D4028-F64E-40B8-8D9E-5A4991A8ADF9}.Debug|x86.ActiveCfg = Debug|Any CPU
		{B90D4028-F64E-40B8-8D9E-5A4991A8ADF9}.Debug|x86.Build.0 = Debug|Any CPU
		{B90D4028-F64E-40B8-8D9E-5A4991A8ADF9}.Release|Any CPU.ActiveCfg = Release|Any CPU
		{B90D4028-F64E-40B8-8D9E-5A4991A8ADF9}.Release|Any CPU.Build.0 = Release|Any CPU
		{B90D4028-F64E-40B8-8D9E-5A4991A8ADF9}.Release|x64.ActiveCfg = Release|Any CPU
		{B90D4028-F64E-40B8-8D9E-5A4991A8ADF9}.Release|x64.Build.0 = Release|Any CPU
		{B90D4028-F64E-40B8-8D9E-5A4991A8ADF9}.Release|x86.ActiveCfg = Release|Any CPU
		{B90D4028-F64E-40B8-8D9E-5A4991A8ADF9}.Release|x86.Build.0 = Release|Any CPU
		{B32F3248-30EF-4269-8BC5-0C1CFD96ABC4}.Debug|Any CPU.ActiveCfg = Debug|Any CPU
		{B32F3248-30EF-4269-8BC5-0C1CFD96ABC4}.Debug|Any CPU.Build.0 = Debug|Any CPU
		{B32F3248-30EF-4269-8BC5-0C1CFD96ABC4}.Debug|x64.ActiveCfg = Debug|Any CPU
		{B32F3248-30EF-4269-8BC5-0C1CFD96ABC4}.Debug|x64.Build.0 = Debug|Any CPU
		{B32F3248-30EF-4269-8BC5-0C1CFD96ABC4}.Debug|x86.ActiveCfg = Debug|Any CPU
		{B32F3248-30EF-4269-8BC5-0C1CFD96ABC4}.Debug|x86.Build.0 = Debug|Any CPU
		{B32F3248-30EF-4269-8BC5-0C1CFD96ABC4}.Release|Any CPU.ActiveCfg = Release|Any CPU
		{B32F3248-30EF-4269-8BC5-0C1CFD96ABC4}.Release|Any CPU.Build.0 = Release|Any CPU
		{B32F3248-30EF-4269-8BC5-0C1CFD96ABC4}.Release|x64.ActiveCfg = Release|Any CPU
		{B32F3248-30EF-4269-8BC5-0C1CFD96ABC4}.Release|x64.Build.0 = Release|Any CPU
		{B32F3248-30EF-4269-8BC5-0C1CFD96ABC4}.Release|x86.ActiveCfg = Release|Any CPU
		{B32F3248-30EF-4269-8BC5-0C1CFD96ABC4}.Release|x86.Build.0 = Release|Any CPU
		{2E79DD8B-ABF3-4395-BBA9-D9F9F634C756}.Debug|Any CPU.ActiveCfg = Debug|Any CPU
		{2E79DD8B-ABF3-4395-BBA9-D9F9F634C756}.Debug|Any CPU.Build.0 = Debug|Any CPU
		{2E79DD8B-ABF3-4395-BBA9-D9F9F634C756}.Debug|x64.ActiveCfg = Debug|Any CPU
		{2E79DD8B-ABF3-4395-BBA9-D9F9F634C756}.Debug|x64.Build.0 = Debug|Any CPU
		{2E79DD8B-ABF3-4395-BBA9-D9F9F634C756}.Debug|x86.ActiveCfg = Debug|Any CPU
		{2E79DD8B-ABF3-4395-BBA9-D9F9F634C756}.Debug|x86.Build.0 = Debug|Any CPU
		{2E79DD8B-ABF3-4395-BBA9-D9F9F634C756}.Release|Any CPU.ActiveCfg = Release|Any CPU
		{2E79DD8B-ABF3-4395-BBA9-D9F9F634C756}.Release|Any CPU.Build.0 = Release|Any CPU
		{2E79DD8B-ABF3-4395-BBA9-D9F9F634C756}.Release|x64.ActiveCfg = Release|Any CPU
		{2E79DD8B-ABF3-4395-BBA9-D9F9F634C756}.Release|x64.Build.0 = Release|Any CPU
		{2E79DD8B-ABF3-4395-BBA9-D9F9F634C756}.Release|x86.ActiveCfg = Release|Any CPU
		{2E79DD8B-ABF3-4395-BBA9-D9F9F634C756}.Release|x86.Build.0 = Release|Any CPU
		{BAF5FE79-FB64-4B9E-AB6A-4B523CFFF33F}.Debug|Any CPU.ActiveCfg = Debug|Any CPU
		{BAF5FE79-FB64-4B9E-AB6A-4B523CFFF33F}.Debug|Any CPU.Build.0 = Debug|Any CPU
		{BAF5FE79-FB64-4B9E-AB6A-4B523CFFF33F}.Debug|x64.ActiveCfg = Debug|Any CPU
		{BAF5FE79-FB64-4B9E-AB6A-4B523CFFF33F}.Debug|x64.Build.0 = Debug|Any CPU
		{BAF5FE79-FB64-4B9E-AB6A-4B523CFFF33F}.Debug|x86.ActiveCfg = Debug|Any CPU
		{BAF5FE79-FB64-4B9E-AB6A-4B523CFFF33F}.Debug|x86.Build.0 = Debug|Any CPU
		{BAF5FE79-FB64-4B9E-AB6A-4B523CFFF33F}.Release|Any CPU.ActiveCfg = Release|Any CPU
		{BAF5FE79-FB64-4B9E-AB6A-4B523CFFF33F}.Release|Any CPU.Build.0 = Release|Any CPU
		{BAF5FE79-FB64-4B9E-AB6A-4B523CFFF33F}.Release|x64.ActiveCfg = Release|Any CPU
		{BAF5FE79-FB64-4B9E-AB6A-4B523CFFF33F}.Release|x64.Build.0 = Release|Any CPU
		{BAF5FE79-FB64-4B9E-AB6A-4B523CFFF33F}.Release|x86.ActiveCfg = Release|Any CPU
		{BAF5FE79-FB64-4B9E-AB6A-4B523CFFF33F}.Release|x86.Build.0 = Release|Any CPU
		{824EA7EA-07A7-4020-B3B7-DA61B114A128}.Debug|Any CPU.ActiveCfg = Debug|Any CPU
		{824EA7EA-07A7-4020-B3B7-DA61B114A128}.Debug|Any CPU.Build.0 = Debug|Any CPU
		{824EA7EA-07A7-4020-B3B7-DA61B114A128}.Debug|x64.ActiveCfg = Debug|Any CPU
		{824EA7EA-07A7-4020-B3B7-DA61B114A128}.Debug|x64.Build.0 = Debug|Any CPU
		{824EA7EA-07A7-4020-B3B7-DA61B114A128}.Debug|x86.ActiveCfg = Debug|Any CPU
		{824EA7EA-07A7-4020-B3B7-DA61B114A128}.Debug|x86.Build.0 = Debug|Any CPU
		{824EA7EA-07A7-4020-B3B7-DA61B114A128}.Release|Any CPU.ActiveCfg = Release|Any CPU
		{824EA7EA-07A7-4020-B3B7-DA61B114A128}.Release|Any CPU.Build.0 = Release|Any CPU
		{824EA7EA-07A7-4020-B3B7-DA61B114A128}.Release|x64.ActiveCfg = Release|Any CPU
		{824EA7EA-07A7-4020-B3B7-DA61B114A128}.Release|x64.Build.0 = Release|Any CPU
		{824EA7EA-07A7-4020-B3B7-DA61B114A128}.Release|x86.ActiveCfg = Release|Any CPU
		{824EA7EA-07A7-4020-B3B7-DA61B114A128}.Release|x86.Build.0 = Release|Any CPU
		{00D1EA49-EB85-4EC0-8F92-62D47873CFBA}.Debug|Any CPU.ActiveCfg = Debug|Any CPU
		{00D1EA49-EB85-4EC0-8F92-62D47873CFBA}.Debug|Any CPU.Build.0 = Debug|Any CPU
		{00D1EA49-EB85-4EC0-8F92-62D47873CFBA}.Debug|x64.ActiveCfg = Debug|Any CPU
		{00D1EA49-EB85-4EC0-8F92-62D47873CFBA}.Debug|x64.Build.0 = Debug|Any CPU
		{00D1EA49-EB85-4EC0-8F92-62D47873CFBA}.Debug|x86.ActiveCfg = Debug|Any CPU
		{00D1EA49-EB85-4EC0-8F92-62D47873CFBA}.Debug|x86.Build.0 = Debug|Any CPU
		{00D1EA49-EB85-4EC0-8F92-62D47873CFBA}.Release|Any CPU.ActiveCfg = Release|Any CPU
		{00D1EA49-EB85-4EC0-8F92-62D47873CFBA}.Release|Any CPU.Build.0 = Release|Any CPU
		{00D1EA49-EB85-4EC0-8F92-62D47873CFBA}.Release|x64.ActiveCfg = Release|Any CPU
		{00D1EA49-EB85-4EC0-8F92-62D47873CFBA}.Release|x64.Build.0 = Release|Any CPU
		{00D1EA49-EB85-4EC0-8F92-62D47873CFBA}.Release|x86.ActiveCfg = Release|Any CPU
		{00D1EA49-EB85-4EC0-8F92-62D47873CFBA}.Release|x86.Build.0 = Release|Any CPU
		{0B9B1BF0-6B22-43EC-9193-6B0B6CB1FB07}.Debug|Any CPU.ActiveCfg = Debug|Any CPU
		{0B9B1BF0-6B22-43EC-9193-6B0B6CB1FB07}.Debug|Any CPU.Build.0 = Debug|Any CPU
		{0B9B1BF0-6B22-43EC-9193-6B0B6CB1FB07}.Debug|x64.ActiveCfg = Debug|Any CPU
		{0B9B1BF0-6B22-43EC-9193-6B0B6CB1FB07}.Debug|x64.Build.0 = Debug|Any CPU
		{0B9B1BF0-6B22-43EC-9193-6B0B6CB1FB07}.Debug|x86.ActiveCfg = Debug|Any CPU
		{0B9B1BF0-6B22-43EC-9193-6B0B6CB1FB07}.Debug|x86.Build.0 = Debug|Any CPU
		{0B9B1BF0-6B22-43EC-9193-6B0B6CB1FB07}.Release|Any CPU.ActiveCfg = Release|Any CPU
		{0B9B1BF0-6B22-43EC-9193-6B0B6CB1FB07}.Release|Any CPU.Build.0 = Release|Any CPU
		{0B9B1BF0-6B22-43EC-9193-6B0B6CB1FB07}.Release|x64.ActiveCfg = Release|Any CPU
		{0B9B1BF0-6B22-43EC-9193-6B0B6CB1FB07}.Release|x64.Build.0 = Release|Any CPU
		{0B9B1BF0-6B22-43EC-9193-6B0B6CB1FB07}.Release|x86.ActiveCfg = Release|Any CPU
		{0B9B1BF0-6B22-43EC-9193-6B0B6CB1FB07}.Release|x86.Build.0 = Release|Any CPU
		{BA81CB59-0590-470F-8306-47F11D525BA5}.Debug|Any CPU.ActiveCfg = Debug|Any CPU
		{BA81CB59-0590-470F-8306-47F11D525BA5}.Debug|Any CPU.Build.0 = Debug|Any CPU
		{BA81CB59-0590-470F-8306-47F11D525BA5}.Debug|x64.ActiveCfg = Debug|Any CPU
		{BA81CB59-0590-470F-8306-47F11D525BA5}.Debug|x64.Build.0 = Debug|Any CPU
		{BA81CB59-0590-470F-8306-47F11D525BA5}.Debug|x86.ActiveCfg = Debug|Any CPU
		{BA81CB59-0590-470F-8306-47F11D525BA5}.Debug|x86.Build.0 = Debug|Any CPU
		{BA81CB59-0590-470F-8306-47F11D525BA5}.Release|Any CPU.ActiveCfg = Release|Any CPU
		{BA81CB59-0590-470F-8306-47F11D525BA5}.Release|Any CPU.Build.0 = Release|Any CPU
		{BA81CB59-0590-470F-8306-47F11D525BA5}.Release|x64.ActiveCfg = Release|Any CPU
		{BA81CB59-0590-470F-8306-47F11D525BA5}.Release|x64.Build.0 = Release|Any CPU
		{BA81CB59-0590-470F-8306-47F11D525BA5}.Release|x86.ActiveCfg = Release|Any CPU
		{BA81CB59-0590-470F-8306-47F11D525BA5}.Release|x86.Build.0 = Release|Any CPU
		{5A3B9C52-A805-47A5-997D-D091D0984476}.Debug|Any CPU.ActiveCfg = Debug|Any CPU
		{5A3B9C52-A805-47A5-997D-D091D0984476}.Debug|Any CPU.Build.0 = Debug|Any CPU
		{5A3B9C52-A805-47A5-997D-D091D0984476}.Debug|x64.ActiveCfg = Debug|Any CPU
		{5A3B9C52-A805-47A5-997D-D091D0984476}.Debug|x64.Build.0 = Debug|Any CPU
		{5A3B9C52-A805-47A5-997D-D091D0984476}.Debug|x86.ActiveCfg = Debug|Any CPU
		{5A3B9C52-A805-47A5-997D-D091D0984476}.Debug|x86.Build.0 = Debug|Any CPU
		{5A3B9C52-A805-47A5-997D-D091D0984476}.Release|Any CPU.ActiveCfg = Release|Any CPU
		{5A3B9C52-A805-47A5-997D-D091D0984476}.Release|Any CPU.Build.0 = Release|Any CPU
		{5A3B9C52-A805-47A5-997D-D091D0984476}.Release|x64.ActiveCfg = Release|Any CPU
		{5A3B9C52-A805-47A5-997D-D091D0984476}.Release|x64.Build.0 = Release|Any CPU
		{5A3B9C52-A805-47A5-997D-D091D0984476}.Release|x86.ActiveCfg = Release|Any CPU
		{5A3B9C52-A805-47A5-997D-D091D0984476}.Release|x86.Build.0 = Release|Any CPU
		{04A739CD-92BD-4087-BE10-E08BD043E0D6}.Debug|Any CPU.ActiveCfg = Debug|Any CPU
		{04A739CD-92BD-4087-BE10-E08BD043E0D6}.Debug|Any CPU.Build.0 = Debug|Any CPU
		{04A739CD-92BD-4087-BE10-E08BD043E0D6}.Debug|x64.ActiveCfg = Debug|Any CPU
		{04A739CD-92BD-4087-BE10-E08BD043E0D6}.Debug|x64.Build.0 = Debug|Any CPU
		{04A739CD-92BD-4087-BE10-E08BD043E0D6}.Debug|x86.ActiveCfg = Debug|Any CPU
		{04A739CD-92BD-4087-BE10-E08BD043E0D6}.Debug|x86.Build.0 = Debug|Any CPU
		{04A739CD-92BD-4087-BE10-E08BD043E0D6}.Release|Any CPU.ActiveCfg = Release|Any CPU
		{04A739CD-92BD-4087-BE10-E08BD043E0D6}.Release|Any CPU.Build.0 = Release|Any CPU
		{04A739CD-92BD-4087-BE10-E08BD043E0D6}.Release|x64.ActiveCfg = Release|Any CPU
		{04A739CD-92BD-4087-BE10-E08BD043E0D6}.Release|x64.Build.0 = Release|Any CPU
		{04A739CD-92BD-4087-BE10-E08BD043E0D6}.Release|x86.ActiveCfg = Release|Any CPU
		{04A739CD-92BD-4087-BE10-E08BD043E0D6}.Release|x86.Build.0 = Release|Any CPU
		{B5777A79-1843-465D-97BA-994D20122018}.Debug|Any CPU.ActiveCfg = Debug|Any CPU
		{B5777A79-1843-465D-97BA-994D20122018}.Debug|Any CPU.Build.0 = Debug|Any CPU
		{B5777A79-1843-465D-97BA-994D20122018}.Debug|x64.ActiveCfg = Debug|Any CPU
		{B5777A79-1843-465D-97BA-994D20122018}.Debug|x64.Build.0 = Debug|Any CPU
		{B5777A79-1843-465D-97BA-994D20122018}.Debug|x86.ActiveCfg = Debug|Any CPU
		{B5777A79-1843-465D-97BA-994D20122018}.Debug|x86.Build.0 = Debug|Any CPU
		{B5777A79-1843-465D-97BA-994D20122018}.Release|Any CPU.ActiveCfg = Release|Any CPU
		{B5777A79-1843-465D-97BA-994D20122018}.Release|Any CPU.Build.0 = Release|Any CPU
		{B5777A79-1843-465D-97BA-994D20122018}.Release|x64.ActiveCfg = Release|Any CPU
		{B5777A79-1843-465D-97BA-994D20122018}.Release|x64.Build.0 = Release|Any CPU
		{B5777A79-1843-465D-97BA-994D20122018}.Release|x86.ActiveCfg = Release|Any CPU
		{B5777A79-1843-465D-97BA-994D20122018}.Release|x86.Build.0 = Release|Any CPU
	EndGlobalSection
	GlobalSection(SolutionProperties) = preSolution
		HideSolutionNode = FALSE
	EndGlobalSection
	GlobalSection(NestedProjects) = preSolution
		{73B73458-8AE9-498A-9EAC-81D14AE28423} = {7B561D7D-D7AA-4B14-BAE9-D98CB6C35619}
		{7E98C468-94FB-4093-9202-D9C69EDBC418} = {7B561D7D-D7AA-4B14-BAE9-D98CB6C35619}
		{16363A0B-DCFF-4B06-935F-78E36E24C82D} = {1D5A49BB-98A3-4145-BD63-FF5858433969}
		{A731EE07-C38E-4DBF-8319-F9067B019E42} = {1D5A49BB-98A3-4145-BD63-FF5858433969}
		{083BA79A-7C4B-4391-A0EA-17E458B66F63} = {FF3C4744-8680-47B4-BCF0-DEC1A0E753DF}
		{51442375-610F-4DB2-BF74-FE56DD7D25CA} = {FF3C4744-8680-47B4-BCF0-DEC1A0E753DF}
		{6F52FDCC-3779-4A08-B2BB-EFD7C02D23B8} = {0D613D5E-8C0D-4204-A9D5-FAFBB17DE85F}
		{B4AB4954-E49B-462F-BA61-BDA9CCC2C5F2} = {FF3C4744-8680-47B4-BCF0-DEC1A0E753DF}
		{B90D4028-F64E-40B8-8D9E-5A4991A8ADF9} = {7B561D7D-D7AA-4B14-BAE9-D98CB6C35619}
		{B32F3248-30EF-4269-8BC5-0C1CFD96ABC4} = {7B561D7D-D7AA-4B14-BAE9-D98CB6C35619}
		{2E79DD8B-ABF3-4395-BBA9-D9F9F634C756} = {0AB3BF05-4346-4AA6-1389-037BE0695223}
		{BAF5FE79-FB64-4B9E-AB6A-4B523CFFF33F} = {FF3C4744-8680-47B4-BCF0-DEC1A0E753DF}
		{824EA7EA-07A7-4020-B3B7-DA61B114A128} = {FF3C4744-8680-47B4-BCF0-DEC1A0E753DF}
		{00D1EA49-EB85-4EC0-8F92-62D47873CFBA} = {FF3C4744-8680-47B4-BCF0-DEC1A0E753DF}
		{0B9B1BF0-6B22-43EC-9193-6B0B6CB1FB07} = {9123F88B-E531-3118-42D7-ED8CEF4BD00E}
		{BA81CB59-0590-470F-8306-47F11D525BA5} = {4781A426-7CEC-ABE6-97DC-1340C8DA5A5F}
		{5A3B9C52-A805-47A5-997D-D091D0984476} = {4781A426-7CEC-ABE6-97DC-1340C8DA5A5F}
		{04A739CD-92BD-4087-BE10-E08BD043E0D6} = {4781A426-7CEC-ABE6-97DC-1340C8DA5A5F}
		{B5777A79-1843-465D-97BA-994D20122018} = {07C2787E-EAC7-C090-1BA3-A61EC2A24D84}
	EndGlobalSection
EndGlobal
